// !$*UTF8*$!
{
	archiveVersion = 1;
	classes = {
	};
	objectVersion = 56;
	objects = {

/* Begin PBXBuildFile section */
		176D7EFC290752850074ABBB /* AppDelegate.swift in Sources */ = {isa = PBXBuildFile; fileRef = 176D7EFB290752850074ABBB /* AppDelegate.swift */; };
		176D7EFE290752850074ABBB /* SceneDelegate.swift in Sources */ = {isa = PBXBuildFile; fileRef = 176D7EFD290752850074ABBB /* SceneDelegate.swift */; };
		176D7F00290752850074ABBB /* MainViewController.swift in Sources */ = {isa = PBXBuildFile; fileRef = 176D7EFF290752850074ABBB /* MainViewController.swift */; };
		176D7F03290752850074ABBB /* Main.storyboard in Resources */ = {isa = PBXBuildFile; fileRef = 176D7F01290752850074ABBB /* Main.storyboard */; };
		176D7F05290752890074ABBB /* Assets.xcassets in Resources */ = {isa = PBXBuildFile; fileRef = 176D7F04290752890074ABBB /* Assets.xcassets */; };
		176D7F08290752890074ABBB /* LaunchScreen.storyboard in Resources */ = {isa = PBXBuildFile; fileRef = 176D7F06290752890074ABBB /* LaunchScreen.storyboard */; };
		176D7F12290772A20074ABBB /* CityNames.swift in Sources */ = {isa = PBXBuildFile; fileRef = 176D7F11290772A20074ABBB /* CityNames.swift */; };
		17D9263D2909ACD800B85E8F /* CollectionViewCell.swift in Sources */ = {isa = PBXBuildFile; fileRef = 17D9263C2909ACD800B85E8F /* CollectionViewCell.swift */; };
		17E0944B2907DCFA005C0A1E /* CustomData.swift in Sources */ = {isa = PBXBuildFile; fileRef = 17E0944A2907DCFA005C0A1E /* CustomData.swift */; };
		4766C34D2920626B00261778 /* TableViewCell.swift in Sources */ = {isa = PBXBuildFile; fileRef = 4766C34C2920626B00261778 /* TableViewCell.swift */; };
		47B584942921DF8A00B0627B /* questionViewController.swift in Sources */ = {isa = PBXBuildFile; fileRef = 47B584932921DF8A00B0627B /* questionViewController.swift */; };
		47F37C47292057DE006CDAE9 /* SearchController.swift in Sources */ = {isa = PBXBuildFile; fileRef = 47F37C46292057DE006CDAE9 /* SearchController.swift */; };
		47FA51DE292183A400027429 /* DetailedViewController.swift in Sources */ = {isa = PBXBuildFile; fileRef = 47FA51DD292183A400027429 /* DetailedViewController.swift */; };
		7879555943BA5B1C8585F1BA /* Pods_Aqui.framework in Frameworks */ = {isa = PBXBuildFile; fileRef = 69500C35F2613C9708E56961 /* Pods_Aqui.framework */; };
/* End PBXBuildFile section */

/* Begin PBXFileReference section */
		176D7EF8290752850074ABBB /* Aqui.app */ = {isa = PBXFileReference; explicitFileType = wrapper.application; includeInIndex = 0; path = Aqui.app; sourceTree = BUILT_PRODUCTS_DIR; };
		176D7EFB290752850074ABBB /* AppDelegate.swift */ = {isa = PBXFileReference; lastKnownFileType = sourcecode.swift; path = AppDelegate.swift; sourceTree = "<group>"; };
		176D7EFD290752850074ABBB /* SceneDelegate.swift */ = {isa = PBXFileReference; lastKnownFileType = sourcecode.swift; path = SceneDelegate.swift; sourceTree = "<group>"; };
		176D7EFF290752850074ABBB /* MainViewController.swift */ = {isa = PBXFileReference; lastKnownFileType = sourcecode.swift; path = MainViewController.swift; sourceTree = "<group>"; };
		176D7F02290752850074ABBB /* Base */ = {isa = PBXFileReference; lastKnownFileType = file.storyboard; name = Base; path = Base.lproj/Main.storyboard; sourceTree = "<group>"; };
		176D7F04290752890074ABBB /* Assets.xcassets */ = {isa = PBXFileReference; lastKnownFileType = folder.assetcatalog; path = Assets.xcassets; sourceTree = "<group>"; };
		176D7F07290752890074ABBB /* Base */ = {isa = PBXFileReference; lastKnownFileType = file.storyboard; name = Base; path = Base.lproj/LaunchScreen.storyboard; sourceTree = "<group>"; };
		176D7F09290752890074ABBB /* Info.plist */ = {isa = PBXFileReference; lastKnownFileType = text.plist.xml; path = Info.plist; sourceTree = "<group>"; };
		176D7F11290772A20074ABBB /* CityNames.swift */ = {isa = PBXFileReference; lastKnownFileType = sourcecode.swift; path = CityNames.swift; sourceTree = "<group>"; };
		17D9263C2909ACD800B85E8F /* CollectionViewCell.swift */ = {isa = PBXFileReference; lastKnownFileType = sourcecode.swift; path = CollectionViewCell.swift; sourceTree = "<group>"; };
		17E0944A2907DCFA005C0A1E /* CustomData.swift */ = {isa = PBXFileReference; lastKnownFileType = sourcecode.swift; path = CustomData.swift; sourceTree = "<group>"; };
		4766C34C2920626B00261778 /* TableViewCell.swift */ = {isa = PBXFileReference; lastKnownFileType = sourcecode.swift; path = TableViewCell.swift; sourceTree = "<group>"; };
		47B584932921DF8A00B0627B /* questionViewController.swift */ = {isa = PBXFileReference; lastKnownFileType = sourcecode.swift; path = questionViewController.swift; sourceTree = "<group>"; };
		47F37C46292057DE006CDAE9 /* SearchController.swift */ = {isa = PBXFileReference; lastKnownFileType = sourcecode.swift; path = SearchController.swift; sourceTree = "<group>"; };
		47FA51DD292183A400027429 /* DetailedViewController.swift */ = {isa = PBXFileReference; lastKnownFileType = sourcecode.swift; path = DetailedViewController.swift; sourceTree = "<group>"; };
		69500C35F2613C9708E56961 /* Pods_Aqui.framework */ = {isa = PBXFileReference; explicitFileType = wrapper.framework; includeInIndex = 0; path = Pods_Aqui.framework; sourceTree = BUILT_PRODUCTS_DIR; };
		9326C4E0F12FBED3B32419BC /* Pods-Aqui.debug.xcconfig */ = {isa = PBXFileReference; includeInIndex = 1; lastKnownFileType = text.xcconfig; name = "Pods-Aqui.debug.xcconfig"; path = "Target Support Files/Pods-Aqui/Pods-Aqui.debug.xcconfig"; sourceTree = "<group>"; };
		A94F5F5CAD79C22DFE2327D4 /* Pods-Aqui.release.xcconfig */ = {isa = PBXFileReference; includeInIndex = 1; lastKnownFileType = text.xcconfig; name = "Pods-Aqui.release.xcconfig"; path = "Target Support Files/Pods-Aqui/Pods-Aqui.release.xcconfig"; sourceTree = "<group>"; };
/* End PBXFileReference section */

/* Begin PBXFrameworksBuildPhase section */
		176D7EF5290752850074ABBB /* Frameworks */ = {
			isa = PBXFrameworksBuildPhase;
			buildActionMask = 2147483647;
			files = (
				7879555943BA5B1C8585F1BA /* Pods_Aqui.framework in Frameworks */,
			);
			runOnlyForDeploymentPostprocessing = 0;
		};
/* End PBXFrameworksBuildPhase section */

/* Begin PBXGroup section */
		0806200463319E8CBCB319F1 /* Frameworks */ = {
			isa = PBXGroup;
			children = (
				69500C35F2613C9708E56961 /* Pods_Aqui.framework */,
			);
			name = Frameworks;
			sourceTree = "<group>";
		};
		176D7EEF290752850074ABBB = {
			isa = PBXGroup;
			children = (
				176D7EFA290752850074ABBB /* Aqui */,
				176D7EF9290752850074ABBB /* Products */,
				606C55DF1E2F30602C81EF82 /* Pods */,
				0806200463319E8CBCB319F1 /* Frameworks */,
			);
			sourceTree = "<group>";
		};
		176D7EF9290752850074ABBB /* Products */ = {
			isa = PBXGroup;
			children = (
				176D7EF8290752850074ABBB /* Aqui.app */,
			);
			name = Products;
			sourceTree = "<group>";
		};
		176D7EFA290752850074ABBB /* Aqui */ = {
			isa = PBXGroup;
			children = (
				47E184C3291F748B00922532 /* DetailedView */,
				176D7EFB290752850074ABBB /* AppDelegate.swift */,
				176D7EFD290752850074ABBB /* SceneDelegate.swift */,
				176D7F01290752850074ABBB /* Main.storyboard */,
				176D7F04290752890074ABBB /* Assets.xcassets */,
				176D7F06290752890074ABBB /* LaunchScreen.storyboard */,
				176D7F09290752890074ABBB /* Info.plist */,
				47E184C1291F742000922532 /* MainView */,
				47E184C2291F747400922532 /* Data */,
			);
			path = Aqui;
			sourceTree = "<group>";
		};
		47E184C1291F742000922532 /* MainView */ = {
			isa = PBXGroup;
			children = (
				176D7EFF290752850074ABBB /* MainViewController.swift */,
			);
			path = MainView;
			sourceTree = "<group>";
		};
		47E184C2291F747400922532 /* Data */ = {
			isa = PBXGroup;
			children = (
				176D7F11290772A20074ABBB /* CityNames.swift */,
				17E0944A2907DCFA005C0A1E /* CustomData.swift */,
				17D9263C2909ACD800B85E8F /* CollectionViewCell.swift */,
			);
			path = Data;
			sourceTree = "<group>";
		};
		47E184C3291F748B00922532 /* DetailedView */ = {
			isa = PBXGroup;
			children = (
				47F37C46292057DE006CDAE9 /* SearchController.swift */,
				4766C34C2920626B00261778 /* TableViewCell.swift */,
				47FA51DD292183A400027429 /* DetailedViewController.swift */,
				47B584932921DF8A00B0627B /* questionViewController.swift */,
			);
			path = DetailedView;
			sourceTree = "<group>";
		};
		606C55DF1E2F30602C81EF82 /* Pods */ = {
			isa = PBXGroup;
			children = (
				9326C4E0F12FBED3B32419BC /* Pods-Aqui.debug.xcconfig */,
				A94F5F5CAD79C22DFE2327D4 /* Pods-Aqui.release.xcconfig */,
			);
			name = Pods;
			path = Pods;
			sourceTree = "<group>";
		};
/* End PBXGroup section */

/* Begin PBXNativeTarget section */
		176D7EF7290752850074ABBB /* Aqui */ = {
			isa = PBXNativeTarget;
			buildConfigurationList = 176D7F0C290752890074ABBB /* Build configuration list for PBXNativeTarget "Aqui" */;
			buildPhases = (
				BDB95D8AE43CE85C63397589 /* [CP] Check Pods Manifest.lock */,
				176D7EF4290752850074ABBB /* Sources */,
				176D7EF5290752850074ABBB /* Frameworks */,
				176D7EF6290752850074ABBB /* Resources */,
			);
			buildRules = (
			);
			dependencies = (
			);
			name = Aqui;
			productName = Aqui;
			productReference = 176D7EF8290752850074ABBB /* Aqui.app */;
			productType = "com.apple.product-type.application";
		};
/* End PBXNativeTarget section */

/* Begin PBXProject section */
		176D7EF0290752850074ABBB /* Project object */ = {
			isa = PBXProject;
			attributes = {
				BuildIndependentTargetsInParallel = 1;
				LastSwiftUpdateCheck = 1400;
				LastUpgradeCheck = 1400;
				TargetAttributes = {
					176D7EF7290752850074ABBB = {
						CreatedOnToolsVersion = 14.0.1;
					};
				};
			};
			buildConfigurationList = 176D7EF3290752850074ABBB /* Build configuration list for PBXProject "Aqui" */;
			compatibilityVersion = "Xcode 14.0";
			developmentRegion = en;
			hasScannedForEncodings = 0;
			knownRegions = (
				en,
				Base,
			);
			mainGroup = 176D7EEF290752850074ABBB;
			productRefGroup = 176D7EF9290752850074ABBB /* Products */;
			projectDirPath = "";
			projectRoot = "";
			targets = (
				176D7EF7290752850074ABBB /* Aqui */,
			);
		};
/* End PBXProject section */

/* Begin PBXResourcesBuildPhase section */
		176D7EF6290752850074ABBB /* Resources */ = {
			isa = PBXResourcesBuildPhase;
			buildActionMask = 2147483647;
			files = (
				176D7F08290752890074ABBB /* LaunchScreen.storyboard in Resources */,
				176D7F05290752890074ABBB /* Assets.xcassets in Resources */,
				176D7F03290752850074ABBB /* Main.storyboard in Resources */,
			);
			runOnlyForDeploymentPostprocessing = 0;
		};
/* End PBXResourcesBuildPhase section */

/* Begin PBXShellScriptBuildPhase section */
		BDB95D8AE43CE85C63397589 /* [CP] Check Pods Manifest.lock */ = {
			isa = PBXShellScriptBuildPhase;
			buildActionMask = 2147483647;
			files = (
			);
			inputFileListPaths = (
			);
			inputPaths = (
				"${PODS_PODFILE_DIR_PATH}/Podfile.lock",
				"${PODS_ROOT}/Manifest.lock",
			);
			name = "[CP] Check Pods Manifest.lock";
			outputFileListPaths = (
			);
			outputPaths = (
				"$(DERIVED_FILE_DIR)/Pods-Aqui-checkManifestLockResult.txt",
			);
			runOnlyForDeploymentPostprocessing = 0;
			shellPath = /bin/sh;
			shellScript = "diff \"${PODS_PODFILE_DIR_PATH}/Podfile.lock\" \"${PODS_ROOT}/Manifest.lock\" > /dev/null\nif [ $? != 0 ] ; then\n    # print error to STDERR\n    echo \"error: The sandbox is not in sync with the Podfile.lock. Run 'pod install' or update your CocoaPods installation.\" >&2\n    exit 1\nfi\n# This output is used by Xcode 'outputs' to avoid re-running this script phase.\necho \"SUCCESS\" > \"${SCRIPT_OUTPUT_FILE_0}\"\n";
			showEnvVarsInLog = 0;
		};
/* End PBXShellScriptBuildPhase section */

/* Begin PBXSourcesBuildPhase section */
		176D7EF4290752850074ABBB /* Sources */ = {
			isa = PBXSourcesBuildPhase;
			buildActionMask = 2147483647;
			files = (
				17E0944B2907DCFA005C0A1E /* CustomData.swift in Sources */,
				4766C34D2920626B00261778 /* TableViewCell.swift in Sources */,
				176D7F12290772A20074ABBB /* CityNames.swift in Sources */,
				47FA51DE292183A400027429 /* DetailedViewController.swift in Sources */,
				47B584942921DF8A00B0627B /* questionViewController.swift in Sources */,
				17D9263D2909ACD800B85E8F /* CollectionViewCell.swift in Sources */,
				176D7F00290752850074ABBB /* MainViewController.swift in Sources */,
				47F37C47292057DE006CDAE9 /* SearchController.swift in Sources */,
				176D7EFC290752850074ABBB /* AppDelegate.swift in Sources */,
				176D7EFE290752850074ABBB /* SceneDelegate.swift in Sources */,
			);
			runOnlyForDeploymentPostprocessing = 0;
		};
/* End PBXSourcesBuildPhase section */

/* Begin PBXVariantGroup section */
		176D7F01290752850074ABBB /* Main.storyboard */ = {
			isa = PBXVariantGroup;
			children = (
				176D7F02290752850074ABBB /* Base */,
			);
			name = Main.storyboard;
			sourceTree = "<group>";
		};
		176D7F06290752890074ABBB /* LaunchScreen.storyboard */ = {
			isa = PBXVariantGroup;
			children = (
				176D7F07290752890074ABBB /* Base */,
			);
			name = LaunchScreen.storyboard;
			sourceTree = "<group>";
		};
/* End PBXVariantGroup section */

/* Begin XCBuildConfiguration section */
		176D7F0A290752890074ABBB /* Debug */ = {
			isa = XCBuildConfiguration;
			buildSettings = {
				ALWAYS_SEARCH_USER_PATHS = NO;
				CLANG_ANALYZER_NONNULL = YES;
				CLANG_ANALYZER_NUMBER_OBJECT_CONVERSION = YES_AGGRESSIVE;
				CLANG_CXX_LANGUAGE_STANDARD = "gnu++20";
				CLANG_ENABLE_MODULES = YES;
				CLANG_ENABLE_OBJC_ARC = YES;
				CLANG_ENABLE_OBJC_WEAK = YES;
				CLANG_WARN_BLOCK_CAPTURE_AUTORELEASING = YES;
				CLANG_WARN_BOOL_CONVERSION = YES;
				CLANG_WARN_COMMA = YES;
				CLANG_WARN_CONSTANT_CONVERSION = YES;
				CLANG_WARN_DEPRECATED_OBJC_IMPLEMENTATIONS = YES;
				CLANG_WARN_DIRECT_OBJC_ISA_USAGE = YES_ERROR;
				CLANG_WARN_DOCUMENTATION_COMMENTS = YES;
				CLANG_WARN_EMPTY_BODY = YES;
				CLANG_WARN_ENUM_CONVERSION = YES;
				CLANG_WARN_INFINITE_RECURSION = YES;
				CLANG_WARN_INT_CONVERSION = YES;
				CLANG_WARN_NON_LITERAL_NULL_CONVERSION = YES;
				CLANG_WARN_OBJC_IMPLICIT_RETAIN_SELF = YES;
				CLANG_WARN_OBJC_LITERAL_CONVERSION = YES;
				CLANG_WARN_OBJC_ROOT_CLASS = YES_ERROR;
				CLANG_WARN_QUOTED_INCLUDE_IN_FRAMEWORK_HEADER = YES;
				CLANG_WARN_RANGE_LOOP_ANALYSIS = YES;
				CLANG_WARN_STRICT_PROTOTYPES = YES;
				CLANG_WARN_SUSPICIOUS_MOVE = YES;
				CLANG_WARN_UNGUARDED_AVAILABILITY = YES_AGGRESSIVE;
				CLANG_WARN_UNREACHABLE_CODE = YES;
				CLANG_WARN__DUPLICATE_METHOD_MATCH = YES;
				COPY_PHASE_STRIP = NO;
				DEBUG_INFORMATION_FORMAT = dwarf;
				ENABLE_STRICT_OBJC_MSGSEND = YES;
				ENABLE_TESTABILITY = YES;
				GCC_C_LANGUAGE_STANDARD = gnu11;
				GCC_DYNAMIC_NO_PIC = NO;
				GCC_NO_COMMON_BLOCKS = YES;
				GCC_OPTIMIZATION_LEVEL = 0;
				GCC_PREPROCESSOR_DEFINITIONS = (
					"DEBUG=1",
					"$(inherited)",
				);
				GCC_WARN_64_TO_32_BIT_CONVERSION = YES;
				GCC_WARN_ABOUT_RETURN_TYPE = YES_ERROR;
				GCC_WARN_UNDECLARED_SELECTOR = YES;
				GCC_WARN_UNINITIALIZED_AUTOS = YES_AGGRESSIVE;
				GCC_WARN_UNUSED_FUNCTION = YES;
				GCC_WARN_UNUSED_VARIABLE = YES;
				IPHONEOS_DEPLOYMENT_TARGET = 13.0;
				MTL_ENABLE_DEBUG_INFO = INCLUDE_SOURCE;
				MTL_FAST_MATH = YES;
				ONLY_ACTIVE_ARCH = YES;
				SDKROOT = iphoneos;
				SWIFT_ACTIVE_COMPILATION_CONDITIONS = DEBUG;
				SWIFT_OPTIMIZATION_LEVEL = "-Onone";
			};
			name = Debug;
		};
		176D7F0B290752890074ABBB /* Release */ = {
			isa = XCBuildConfiguration;
			buildSettings = {
				ALWAYS_SEARCH_USER_PATHS = NO;
				CLANG_ANALYZER_NONNULL = YES;
				CLANG_ANALYZER_NUMBER_OBJECT_CONVERSION = YES_AGGRESSIVE;
				CLANG_CXX_LANGUAGE_STANDARD = "gnu++20";
				CLANG_ENABLE_MODULES = YES;
				CLANG_ENABLE_OBJC_ARC = YES;
				CLANG_ENABLE_OBJC_WEAK = YES;
				CLANG_WARN_BLOCK_CAPTURE_AUTORELEASING = YES;
				CLANG_WARN_BOOL_CONVERSION = YES;
				CLANG_WARN_COMMA = YES;
				CLANG_WARN_CONSTANT_CONVERSION = YES;
				CLANG_WARN_DEPRECATED_OBJC_IMPLEMENTATIONS = YES;
				CLANG_WARN_DIRECT_OBJC_ISA_USAGE = YES_ERROR;
				CLANG_WARN_DOCUMENTATION_COMMENTS = YES;
				CLANG_WARN_EMPTY_BODY = YES;
				CLANG_WARN_ENUM_CONVERSION = YES;
				CLANG_WARN_INFINITE_RECURSION = YES;
				CLANG_WARN_INT_CONVERSION = YES;
				CLANG_WARN_NON_LITERAL_NULL_CONVERSION = YES;
				CLANG_WARN_OBJC_IMPLICIT_RETAIN_SELF = YES;
				CLANG_WARN_OBJC_LITERAL_CONVERSION = YES;
				CLANG_WARN_OBJC_ROOT_CLASS = YES_ERROR;
				CLANG_WARN_QUOTED_INCLUDE_IN_FRAMEWORK_HEADER = YES;
				CLANG_WARN_RANGE_LOOP_ANALYSIS = YES;
				CLANG_WARN_STRICT_PROTOTYPES = YES;
				CLANG_WARN_SUSPICIOUS_MOVE = YES;
				CLANG_WARN_UNGUARDED_AVAILABILITY = YES_AGGRESSIVE;
				CLANG_WARN_UNREACHABLE_CODE = YES;
				CLANG_WARN__DUPLICATE_METHOD_MATCH = YES;
				COPY_PHASE_STRIP = NO;
				DEBUG_INFORMATION_FORMAT = "dwarf-with-dsym";
				ENABLE_NS_ASSERTIONS = NO;
				ENABLE_STRICT_OBJC_MSGSEND = YES;
				GCC_C_LANGUAGE_STANDARD = gnu11;
				GCC_NO_COMMON_BLOCKS = YES;
				GCC_WARN_64_TO_32_BIT_CONVERSION = YES;
				GCC_WARN_ABOUT_RETURN_TYPE = YES_ERROR;
				GCC_WARN_UNDECLARED_SELECTOR = YES;
				GCC_WARN_UNINITIALIZED_AUTOS = YES_AGGRESSIVE;
				GCC_WARN_UNUSED_FUNCTION = YES;
				GCC_WARN_UNUSED_VARIABLE = YES;
				IPHONEOS_DEPLOYMENT_TARGET = 13.0;
				MTL_ENABLE_DEBUG_INFO = NO;
				MTL_FAST_MATH = YES;
				SDKROOT = iphoneos;
				SWIFT_COMPILATION_MODE = wholemodule;
				SWIFT_OPTIMIZATION_LEVEL = "-O";
				VALIDATE_PRODUCT = YES;
			};
			name = Release;
		};
		176D7F0D290752890074ABBB /* Debug */ = {
			isa = XCBuildConfiguration;
			baseConfigurationReference = 9326C4E0F12FBED3B32419BC /* Pods-Aqui.debug.xcconfig */;
			buildSettings = {
				ASSETCATALOG_COMPILER_APPICON_NAME = AppIcon;
				ASSETCATALOG_COMPILER_GLOBAL_ACCENT_COLOR_NAME = AccentColor;
				ASSETCATALOG_COMPILER_INCLUDE_ALL_APPICON_ASSETS = YES;
				CODE_SIGN_IDENTITY = "Apple Development";
				CODE_SIGN_STYLE = Automatic;
				CURRENT_PROJECT_VERSION = 1;
				DEVELOPMENT_TEAM = GW474U252V;
				GENERATE_INFOPLIST_FILE = YES;
				INFOPLIST_FILE = Aqui/Info.plist;
				INFOPLIST_KEY_CFBundleDisplayName = Aqui;
				INFOPLIST_KEY_UIApplicationSupportsIndirectInputEvents = YES;
				INFOPLIST_KEY_UILaunchStoryboardName = LaunchScreen;
				INFOPLIST_KEY_UIMainStoryboardFile = Main;
				INFOPLIST_KEY_UISupportedInterfaceOrientations = "UIInterfaceOrientationLandscapeLeft UIInterfaceOrientationLandscapeRight UIInterfaceOrientationPortrait";
				INFOPLIST_KEY_UISupportedInterfaceOrientations_iPad = "UIInterfaceOrientationLandscapeRight UIInterfaceOrientationPortrait UIInterfaceOrientationPortraitUpsideDown";
				IPHONEOS_DEPLOYMENT_TARGET = 13.0;
				LD_RUNPATH_SEARCH_PATHS = (
					"$(inherited)",
					"@executable_path/Frameworks",
				);
				MARKETING_VERSION = 1.0;
				PRODUCT_BUNDLE_IDENTIFIER = com.dara.aqui.Aqui;
				PRODUCT_NAME = "$(TARGET_NAME)";
				PROVISIONING_PROFILE_SPECIFIER = "";
				SWIFT_EMIT_LOC_STRINGS = YES;
				SWIFT_VERSION = 5.0;
				TARGETED_DEVICE_FAMILY = "1,2";
			};
			name = Debug;
		};
		176D7F0E290752890074ABBB /* Release */ = {
			isa = XCBuildConfiguration;
			baseConfigurationReference = A94F5F5CAD79C22DFE2327D4 /* Pods-Aqui.release.xcconfig */;
			buildSettings = {
				ASSETCATALOG_COMPILER_APPICON_NAME = AppIcon;
				ASSETCATALOG_COMPILER_GLOBAL_ACCENT_COLOR_NAME = AccentColor;
				ASSETCATALOG_COMPILER_INCLUDE_ALL_APPICON_ASSETS = YES;
				CODE_SIGN_IDENTITY = "Apple Development";
				CODE_SIGN_STYLE = Automatic;
				CURRENT_PROJECT_VERSION = 1;
				DEVELOPMENT_TEAM = GW474U252V;
				GENERATE_INFOPLIST_FILE = YES;
				INFOPLIST_FILE = Aqui/Info.plist;
				INFOPLIST_KEY_CFBundleDisplayName = Aqui;
				INFOPLIST_KEY_UIApplicationSupportsIndirectInputEvents = YES;
				INFOPLIST_KEY_UILaunchStoryboardName = LaunchScreen;
				INFOPLIST_KEY_UIMainStoryboardFile = Main;
				INFOPLIST_KEY_UISupportedInterfaceOrientations = "UIInterfaceOrientationLandscapeLeft UIInterfaceOrientationLandscapeRight UIInterfaceOrientationPortrait";
				INFOPLIST_KEY_UISupportedInterfaceOrientations_iPad = "UIInterfaceOrientationLandscapeRight UIInterfaceOrientationPortrait UIInterfaceOrientationPortraitUpsideDown";
				IPHONEOS_DEPLOYMENT_TARGET = 13.0;
				LD_RUNPATH_SEARCH_PATHS = (
					"$(inherited)",
					"@executable_path/Frameworks",
				);
				MARKETING_VERSION = 1.0;
				PRODUCT_BUNDLE_IDENTIFIER = com.dara.aqui.Aqui;
				PRODUCT_NAME = "$(TARGET_NAME)";
				PROVISIONING_PROFILE_SPECIFIER = "";
				SWIFT_EMIT_LOC_STRINGS = YES;
				SWIFT_VERSION = 5.0;
				TARGETED_DEVICE_FAMILY = "1,2";
			};
			name = Release;
		};
/* End XCBuildConfiguration section */

/* Begin XCConfigurationList section */
		176D7EF3290752850074ABBB /* Build configuration list for PBXProject "Aqui" */ = {
			isa = XCConfigurationList;
			buildConfigurations = (
				176D7F0A290752890074ABBB /* Debug */,
				176D7F0B290752890074ABBB /* Release */,
			);
			defaultConfigurationIsVisible = 0;
			defaultConfigurationName = Release;
		};
		176D7F0C290752890074ABBB /* Build configuration list for PBXNativeTarget "Aqui" */ = {
			isa = XCConfigurationList;
			buildConfigurations = (
				176D7F0D290752890074ABBB /* Debug */,
				176D7F0E290752890074ABBB /* Release */,
			);
			defaultConfigurationIsVisible = 0;
			defaultConfigurationName = Release;
		};
/* End XCConfigurationList section */
	};
	rootObject = 176D7EF0290752850074ABBB /* Project object */;
}
